
Microsoft Visual Studio Solution File, Format Version 12.00
# Visual Studio Version 16
VisualStudioVersion = 16.0.29201.188
MinimumVisualStudioVersion = 10.0.40219.1
Project("{FAE04EC0-301F-11D3-BF4B-00C04F79EFBC}") = "BudicMarinParser", "BudicMarinParser.csproj", "{D8F88C1F-199D-46E7-8358-1ED0A559980E}"
EndProject
Global
	GlobalSection(SolutionConfigurationPlatforms) = preSolution
		Debug|Any CPU = Debug|Any CPU
		Release|Any CPU = Release|Any CPU
	EndGlobalSection
	GlobalSection(ProjectConfigurationPlatforms) = postSolution
		{D8F88C1F-199D-46E7-8358-1ED0A559980E}.Debug|Any CPU.ActiveCfg = Debug|Any CPU
		{D8F88C1F-199D-46E7-8358-1ED0A559980E}.Debug|Any CPU.Build.0 = Debug|Any CPU
		{D8F88C1F-199D-46E7-8358-1ED0A559980E}.Release|Any CPU.ActiveCfg = Release|Any CPU
		{D8F88C1F-199D-46E7-8358-1ED0A559980E}.Release|Any CPU.Build.0 = Release|Any CPU
	EndGlobalSection
	GlobalSection(SolutionProperties) = preSolution
		HideSolutionNode = FALSE
	EndGlobalSection
	GlobalSection(ExtensibilityGlobals) = postSolution
		SolutionGuid = {9CF0328A-74D8-4015-A221-49FFAAFE7266}
	EndGlobalSection
EndGlobal
